
Microsoft Visual Studio Solution File, Format Version 12.00
# Visual Studio Version 17
VisualStudioVersion = 17.12.35707.178
MinimumVisualStudioVersion = 10.0.40219.1
Project("{FAE04EC0-301F-11D3-BF4B-00C04F79EFBC}") = "reSreL", "reSreL\reSreL.csproj", "{CD9F4563-E156-4682-B94B-24812C70CBAF}"
EndProject
Project("{FAE04EC0-301F-11D3-BF4B-00C04F79EFBC}") = "reSreLData", "reSreLData\reSreLData.csproj", "{346E9E9F-9C6C-4BBA-8626-615F8DC2101B}"
EndProject
Project("{FAE04EC0-301F-11D3-BF4B-00C04F79EFBC}") = "reSreLTests", "reSreLTests\reSreLTests.csproj", "{B14D4756-3B65-452C-AE75-4AEC8B7CEA84}"
EndProject
Global
	GlobalSection(SolutionConfigurationPlatforms) = preSolution
		Debug|Any CPU = Debug|Any CPU
		Release|Any CPU = Release|Any CPU
	EndGlobalSection
	GlobalSection(ProjectConfigurationPlatforms) = postSolution
		{CD9F4563-E156-4682-B94B-24812C70CBAF}.Debug|Any CPU.ActiveCfg = Debug|Any CPU
		{CD9F4563-E156-4682-B94B-24812C70CBAF}.Debug|Any CPU.Build.0 = Debug|Any CPU
		{CD9F4563-E156-4682-B94B-24812C70CBAF}.Release|Any CPU.ActiveCfg = Release|Any CPU
		{CD9F4563-E156-4682-B94B-24812C70CBAF}.Release|Any CPU.Build.0 = Release|Any CPU
		{346E9E9F-9C6C-4BBA-8626-615F8DC2101B}.Debug|Any CPU.ActiveCfg = Debug|Any CPU
		{346E9E9F-9C6C-4BBA-8626-615F8DC2101B}.Debug|Any CPU.Build.0 = Debug|Any CPU
		{346E9E9F-9C6C-4BBA-8626-615F8DC2101B}.Release|Any CPU.ActiveCfg = Release|Any CPU
		{346E9E9F-9C6C-4BBA-8626-615F8DC2101B}.Release|Any CPU.Build.0 = Release|Any CPU
		{B14D4756-3B65-452C-AE75-4AEC8B7CEA84}.Debug|Any CPU.ActiveCfg = Debug|Any CPU
		{B14D4756-3B65-452C-AE75-4AEC8B7CEA84}.Debug|Any CPU.Build.0 = Debug|Any CPU
		{B14D4756-3B65-452C-AE75-4AEC8B7CEA84}.Release|Any CPU.ActiveCfg = Release|Any CPU
		{B14D4756-3B65-452C-AE75-4AEC8B7CEA84}.Release|Any CPU.Build.0 = Release|Any CPU
	EndGlobalSection
	GlobalSection(SolutionProperties) = preSolution
		HideSolutionNode = FALSE
	EndGlobalSection
	GlobalSection(ExtensibilityGlobals) = postSolution
		SolutionGuid = {60241C1F-BC73-4C19-B188-20C4C9D41FD8}
	EndGlobalSection
EndGlobal
